
Microsoft Visual Studio Solution File, Format Version 12.00
# Visual Studio Version 16
VisualStudioVersion = 16.0.31911.196
MinimumVisualStudioVersion = 10.0.40219.1
Project("{FAE04EC0-301F-11D3-BF4B-00C04F79EFBC}") = "ConfigSaver", "ConfigSaver.csproj", "{717D516B-924B-4BA9-9F5C-893699C95009}"
EndProject
Global
	GlobalSection(SolutionConfigurationPlatforms) = preSolution
		Debug|Any CPU = Debug|Any CPU
		Release|Any CPU = Release|Any CPU
	EndGlobalSection
	GlobalSection(ProjectConfigurationPlatforms) = postSolution
		{717D516B-924B-4BA9-9F5C-893699C95009}.Debug|Any CPU.ActiveCfg = Debug|Any CPU
		{717D516B-924B-4BA9-9F5C-893699C95009}.Debug|Any CPU.Build.0 = Debug|Any CPU
		{717D516B-924B-4BA9-9F5C-893699C95009}.Release|Any CPU.ActiveCfg = Release|Any CPU
		{717D516B-924B-4BA9-9F5C-893699C95009}.Release|Any CPU.Build.0 = Release|Any CPU
	EndGlobalSection
	GlobalSection(SolutionProperties) = preSolution
		HideSolutionNode = FALSE
	EndGlobalSection
	GlobalSection(ExtensibilityGlobals) = postSolution
		SolutionGuid = {C3D50013-85FF-40C9-9D4D-C8277A4FD007}
	EndGlobalSection
EndGlobal
